{
    "_readme": [
        "This file locks the dependencies of your project to a known state",
        "Read more about it at https://getcomposer.org/doc/01-basic-usage.md#installing-dependencies",
        "This file is @generated automatically"
    ],
    "content-hash": "02f9c317600cd0afa5c06700ad59c33e",
    "packages": [
        {
            "name": "nlp-tools/nlp-tools",
            "version": "v0.1.3",
            "source": {
                "type": "git",
                "url": "https://github.com/angeloskath/php-nlp-tools.git",
                "reference": "bbccab0f3ca7277bdf7b292ba67ca644efd0cefe"
            },
            "dist": {
                "type": "zip",
                "url": "https://api.github.com/repos/angeloskath/php-nlp-tools/zipball/bbccab0f3ca7277bdf7b292ba67ca644efd0cefe",
                "reference": "bbccab0f3ca7277bdf7b292ba67ca644efd0cefe",
                "shasum": ""
            },
            "require": {
                "php": ">=5.3"
            },
            "type": "library",
            "extra": {
                "branch-alias": {
                    "dev-master": "1.0.x-dev"
                }
            },
            "autoload": {
                "psr-0": {
                    "NlpTools\\": "src/"
                }
            },
            "notification-url": "https://packagist.org/downloads/",
            "license": [
                "WTFPL"
            ],
            "authors": [
                {
                    "name": "Angelos Katharopoulos",
                    "email": "angelos@yourse.gr"
                }
            ],
            "description": "NlpTools is a set of php 5.3+ classes for beginner to semi advanced natural language processing work.",
            "keywords": [
                "machine learning",
                "nlp"
            ],
            "support": {
                "issues": "https://github.com/angeloskath/php-nlp-tools/issues",
                "source": "https://github.com/angeloskath/php-nlp-tools/tree/master"
            },
            "time": "2016-11-03T15:34:42+00:00"
        },
        {
            "name": "sastrawi/sastrawi",
            "version": "v1.2.0",
            "source": {
                "type": "git",
                "url": "https://github.com/sastrawi/sastrawi.git",
                "reference": "31fd4261dd4980cc57447f44d1aec4bd69e2abec"
            },
            "dist": {
                "type": "zip",
                "url": "https://api.github.com/repos/sastrawi/sastrawi/zipball/31fd4261dd4980cc57447f44d1aec4bd69e2abec",
                "reference": "31fd4261dd4980cc57447f44d1aec4bd69e2abec",
                "shasum": ""
            },
            "require": {
                "php": ">=5.3"
            },
            "require-dev": {
                "phpunit/phpunit": "4.8.7",
                "squizlabs/php_codesniffer": "~1.0"
            },
            "type": "library",
            "extra": {
                "branch-alias": {
                    "dev-master": "1.1.x-dev"
                }
            },
            "autoload": {
                "psr-0": {
                    "Sastrawi\\": "src"
                }
            },
            "notification-url": "https://packagist.org/downloads/",
            "license": [
                "MIT"
            ],
            "authors": [
                {
                    "name": "Andy Librian",
                    "email": "andylibrian@gmail.com",
                    "homepage": "http://andylibrian.com",
                    "role": "Lead Developer"
                }
            ],
            "description": "PHP library for stemming Indonesian language (Bahasa Indonesia)",
            "homepage": "https://github.com/sastrawi/sastrawi",
            "keywords": [
                "bahasa",
                "indonesia",
                "indonesian",
                "kata dasar",
                "root word",
                "stem"
            ],
            "support": {
                "issues": "https://github.com/sastrawi/sastrawi/issues",
                "source": "https://github.com/sastrawi/sastrawi"
            },
            "time": "2016-10-22T03:19:27+00:00"
        }
    ],
    "packages-dev": [],
    "aliases": [],
    "minimum-stability": "stable",
    "stability-flags": [],
    "prefer-stable": false,
    "prefer-lowest": false,
    "platform": [],
    "platform-dev": [],
    "plugin-api-version": "2.0.0"
}
